
Microsoft Visual Studio Solution File, Format Version 12.00
# Visual Studio Version 16
VisualStudioVersion = 16.0.30011.22
MinimumVisualStudioVersion = 10.0.40219.1
Project("{FAE04EC0-301F-11D3-BF4B-00C04F79EFBC}") = "DevIO.App", "src\DevIo.App\DevIO.App.csproj", "{578618A8-A05D-4FEE-91F1-0F4F478E43FE}"
EndProject
Project("{FAE04EC0-301F-11D3-BF4B-00C04F79EFBC}") = "DevIO.Business", "src\DevIO.Business\DevIO.Business.csproj", "{774B6875-A888-47F5-96F0-1E7065532138}"
EndProject
Project("{FAE04EC0-301F-11D3-BF4B-00C04F79EFBC}") = "DevIO.Data", "src\DevIO.Data\DevIO.Data.csproj", "{4397244E-2D1D-4A61-A1E9-A5DE5E2117C6}"
EndProject
Global
	GlobalSection(SolutionConfigurationPlatforms) = preSolution
		Debug|Any CPU = Debug|Any CPU
		Release|Any CPU = Release|Any CPU
	EndGlobalSection
	GlobalSection(ProjectConfigurationPlatforms) = postSolution
		{578618A8-A05D-4FEE-91F1-0F4F478E43FE}.Debug|Any CPU.ActiveCfg = Debug|Any CPU
		{578618A8-A05D-4FEE-91F1-0F4F478E43FE}.Debug|Any CPU.Build.0 = Debug|Any CPU
		{578618A8-A05D-4FEE-91F1-0F4F478E43FE}.Release|Any CPU.ActiveCfg = Release|Any CPU
		{578618A8-A05D-4FEE-91F1-0F4F478E43FE}.Release|Any CPU.Build.0 = Release|Any CPU
		{774B6875-A888-47F5-96F0-1E7065532138}.Debug|Any CPU.ActiveCfg = Debug|Any CPU
		{774B6875-A888-47F5-96F0-1E7065532138}.Debug|Any CPU.Build.0 = Debug|Any CPU
		{774B6875-A888-47F5-96F0-1E7065532138}.Release|Any CPU.ActiveCfg = Release|Any CPU
		{774B6875-A888-47F5-96F0-1E7065532138}.Release|Any CPU.Build.0 = Release|Any CPU
		{4397244E-2D1D-4A61-A1E9-A5DE5E2117C6}.Debug|Any CPU.ActiveCfg = Debug|Any CPU
		{4397244E-2D1D-4A61-A1E9-A5DE5E2117C6}.Debug|Any CPU.Build.0 = Debug|Any CPU
		{4397244E-2D1D-4A61-A1E9-A5DE5E2117C6}.Release|Any CPU.ActiveCfg = Release|Any CPU
		{4397244E-2D1D-4A61-A1E9-A5DE5E2117C6}.Release|Any CPU.Build.0 = Release|Any CPU
	EndGlobalSection
	GlobalSection(SolutionProperties) = preSolution
		HideSolutionNode = FALSE
	EndGlobalSection
	GlobalSection(ExtensibilityGlobals) = postSolution
		SolutionGuid = {F0D8FBEF-98CC-4318-A7F9-65FC6285BDFE}
	EndGlobalSection
EndGlobal
